// !$*UTF8*$!
{
	archiveVersion = 1;
	classes = {
	};
	objectVersion = 56;
	objects = {

/* Begin PBXBuildFile section */
		04082FDF2BE0E5A700663028 /* Pic_a_PalApp.swift in Sources */ = {isa = PBXBuildFile; fileRef = 04082FDE2BE0E5A700663028 /* Pic_a_PalApp.swift */; };
		04082FE12BE0E5A700663028 /* ContentView.swift in Sources */ = {isa = PBXBuildFile; fileRef = 04082FE02BE0E5A700663028 /* ContentView.swift */; };
		04082FE32BE0E5A800663028 /* Assets.xcassets in Resources */ = {isa = PBXBuildFile; fileRef = 04082FE22BE0E5A800663028 /* Assets.xcassets */; };
		04082FE62BE0E5A800663028 /* Preview Assets.xcassets in Resources */ = {isa = PBXBuildFile; fileRef = 04082FE52BE0E5A800663028 /* Preview Assets.xcassets */; };
		04082FF02BE0E5A800663028 /* Pic_a_PalTests.swift in Sources */ = {isa = PBXBuildFile; fileRef = 04082FEF2BE0E5A800663028 /* Pic_a_PalTests.swift */; };
		04082FFA2BE0E5A800663028 /* Pic_a_PalUITests.swift in Sources */ = {isa = PBXBuildFile; fileRef = 04082FF92BE0E5A800663028 /* Pic_a_PalUITests.swift */; };
		04082FFC2BE0E5A800663028 /* Pic_a_PalUITestsLaunchTests.swift in Sources */ = {isa = PBXBuildFile; fileRef = 04082FFB2BE0E5A800663028 /* Pic_a_PalUITestsLaunchTests.swift */; };
/* End PBXBuildFile section */

/* Begin PBXContainerItemProxy section */
		04082FEC2BE0E5A800663028 /* PBXContainerItemProxy */ = {
			isa = PBXContainerItemProxy;
			containerPortal = 04082FD32BE0E5A700663028 /* Project object */;
			proxyType = 1;
			remoteGlobalIDString = 04082FDA2BE0E5A700663028;
			remoteInfo = "Pic-a-Pal";
		};
		04082FF62BE0E5A800663028 /* PBXContainerItemProxy */ = {
			isa = PBXContainerItemProxy;
			containerPortal = 04082FD32BE0E5A700663028 /* Project object */;
			proxyType = 1;
			remoteGlobalIDString = 04082FDA2BE0E5A700663028;
			remoteInfo = "Pic-a-Pal";
		};
/* End PBXContainerItemProxy section */

/* Begin PBXFileReference section */
		04082FDB2BE0E5A700663028 /* Pic-a-Pal.app */ = {isa = PBXFileReference; explicitFileType = wrapper.application; includeInIndex = 0; path = "Pic-a-Pal.app"; sourceTree = BUILT_PRODUCTS_DIR; };
		04082FDE2BE0E5A700663028 /* Pic_a_PalApp.swift */ = {isa = PBXFileReference; lastKnownFileType = sourcecode.swift; path = Pic_a_PalApp.swift; sourceTree = "<group>"; };
		04082FE02BE0E5A700663028 /* ContentView.swift */ = {isa = PBXFileReference; lastKnownFileType = sourcecode.swift; path = ContentView.swift; sourceTree = "<group>"; };
		04082FE22BE0E5A800663028 /* Assets.xcassets */ = {isa = PBXFileReference; lastKnownFileType = folder.assetcatalog; path = Assets.xcassets; sourceTree = "<group>"; };
		04082FE52BE0E5A800663028 /* Preview Assets.xcassets */ = {isa = PBXFileReference; lastKnownFileType = folder.assetcatalog; path = "Preview Assets.xcassets"; sourceTree = "<group>"; };
		04082FEB2BE0E5A800663028 /* Pic-a-PalTests.xctest */ = {isa = PBXFileReference; explicitFileType = wrapper.cfbundle; includeInIndex = 0; path = "Pic-a-PalTests.xctest"; sourceTree = BUILT_PRODUCTS_DIR; };
		04082FEF2BE0E5A800663028 /* Pic_a_PalTests.swift */ = {isa = PBXFileReference; lastKnownFileType = sourcecode.swift; path = Pic_a_PalTests.swift; sourceTree = "<group>"; };
		04082FF52BE0E5A800663028 /* Pic-a-PalUITests.xctest */ = {isa = PBXFileReference; explicitFileType = wrapper.cfbundle; includeInIndex = 0; path = "Pic-a-PalUITests.xctest"; sourceTree = BUILT_PRODUCTS_DIR; };
		04082FF92BE0E5A800663028 /* Pic_a_PalUITests.swift */ = {isa = PBXFileReference; lastKnownFileType = sourcecode.swift; path = Pic_a_PalUITests.swift; sourceTree = "<group>"; };
		04082FFB2BE0E5A800663028 /* Pic_a_PalUITestsLaunchTests.swift */ = {isa = PBXFileReference; lastKnownFileType = sourcecode.swift; path = Pic_a_PalUITestsLaunchTests.swift; sourceTree = "<group>"; };
/* End PBXFileReference section */

/* Begin PBXFrameworksBuildPhase section */
		04082FD82BE0E5A700663028 /* Frameworks */ = {
			isa = PBXFrameworksBuildPhase;
			buildActionMask = 2147483647;
			files = (
			);
			runOnlyForDeploymentPostprocessing = 0;
		};
		04082FE82BE0E5A800663028 /* Frameworks */ = {
			isa = PBXFrameworksBuildPhase;
			buildActionMask = 2147483647;
			files = (
			);
			runOnlyForDeploymentPostprocessing = 0;
		};
		04082FF22BE0E5A800663028 /* Frameworks */ = {
			isa = PBXFrameworksBuildPhase;
			buildActionMask = 2147483647;
			files = (
			);
			runOnlyForDeploymentPostprocessing = 0;
		};
/* End PBXFrameworksBuildPhase section */

/* Begin PBXGroup section */
		04082FD22BE0E5A700663028 = {
			isa = PBXGroup;
			children = (
				04082FDD2BE0E5A700663028 /* Pic-a-Pal */,
				04082FEE2BE0E5A800663028 /* Pic-a-PalTests */,
				04082FF82BE0E5A800663028 /* Pic-a-PalUITests */,
				04082FDC2BE0E5A700663028 /* Products */,
			);
			sourceTree = "<group>";
		};
		04082FDC2BE0E5A700663028 /* Products */ = {
			isa = PBXGroup;
			children = (
				04082FDB2BE0E5A700663028 /* Pic-a-Pal.app */,
				04082FEB2BE0E5A800663028 /* Pic-a-PalTests.xctest */,
				04082FF52BE0E5A800663028 /* Pic-a-PalUITests.xctest */,
			);
			name = Products;
			sourceTree = "<group>";
		};
		04082FDD2BE0E5A700663028 /* Pic-a-Pal */ = {
			isa = PBXGroup;
			children = (
				04082FDE2BE0E5A700663028 /* Pic_a_PalApp.swift */,
				04082FE02BE0E5A700663028 /* ContentView.swift */,
				04082FE22BE0E5A800663028 /* Assets.xcassets */,
				04082FE42BE0E5A800663028 /* Preview Content */,
			);
			path = "Pic-a-Pal";
			sourceTree = "<group>";
		};
		04082FE42BE0E5A800663028 /* Preview Content */ = {
			isa = PBXGroup;
			children = (
				04082FE52BE0E5A800663028 /* Preview Assets.xcassets */,
			);
			path = "Preview Content";
			sourceTree = "<group>";
		};
		04082FEE2BE0E5A800663028 /* Pic-a-PalTests */ = {
			isa = PBXGroup;
			children = (
				04082FEF2BE0E5A800663028 /* Pic_a_PalTests.swift */,
			);
			path = "Pic-a-PalTests";
			sourceTree = "<group>";
		};
		04082FF82BE0E5A800663028 /* Pic-a-PalUITests */ = {
			isa = PBXGroup;
			children = (
				04082FF92BE0E5A800663028 /* Pic_a_PalUITests.swift */,
				04082FFB2BE0E5A800663028 /* Pic_a_PalUITestsLaunchTests.swift */,
			);
			path = "Pic-a-PalUITests";
			sourceTree = "<group>";
		};
/* End PBXGroup section */

/* Begin PBXNativeTarget section */
		04082FDA2BE0E5A700663028 /* Pic-a-Pal */ = {
			isa = PBXNativeTarget;
			buildConfigurationList = 04082FFF2BE0E5A800663028 /* Build configuration list for PBXNativeTarget "Pic-a-Pal" */;
			buildPhases = (
				04082FD72BE0E5A700663028 /* Sources */,
				04082FD82BE0E5A700663028 /* Frameworks */,
				04082FD92BE0E5A700663028 /* Resources */,
			);
			buildRules = (
			);
			dependencies = (
			);
			name = "Pic-a-Pal";
			productName = "Pic-a-Pal";
			productReference = 04082FDB2BE0E5A700663028 /* Pic-a-Pal.app */;
			productType = "com.apple.product-type.application";
		};
		04082FEA2BE0E5A800663028 /* Pic-a-PalTests */ = {
			isa = PBXNativeTarget;
			buildConfigurationList = 040830022BE0E5A800663028 /* Build configuration list for PBXNativeTarget "Pic-a-PalTests" */;
			buildPhases = (
				04082FE72BE0E5A800663028 /* Sources */,
				04082FE82BE0E5A800663028 /* Frameworks */,
				04082FE92BE0E5A800663028 /* Resources */,
			);
			buildRules = (
			);
			dependencies = (
				04082FED2BE0E5A800663028 /* PBXTargetDependency */,
			);
			name = "Pic-a-PalTests";
			productName = "Pic-a-PalTests";
			productReference = 04082FEB2BE0E5A800663028 /* Pic-a-PalTests.xctest */;
			productType = "com.apple.product-type.bundle.unit-test";
		};
		04082FF42BE0E5A800663028 /* Pic-a-PalUITests */ = {
			isa = PBXNativeTarget;
			buildConfigurationList = 040830052BE0E5A800663028 /* Build configuration list for PBXNativeTarget "Pic-a-PalUITests" */;
			buildPhases = (
				04082FF12BE0E5A800663028 /* Sources */,
				04082FF22BE0E5A800663028 /* Frameworks */,
				04082FF32BE0E5A800663028 /* Resources */,
			);
			buildRules = (
			);
			dependencies = (
				04082FF72BE0E5A800663028 /* PBXTargetDependency */,
			);
			name = "Pic-a-PalUITests";
			productName = "Pic-a-PalUITests";
			productReference = 04082FF52BE0E5A800663028 /* Pic-a-PalUITests.xctest */;
			productType = "com.apple.product-type.bundle.ui-testing";
		};
/* End PBXNativeTarget section */

/* Begin PBXProject section */
		04082FD32BE0E5A700663028 /* Project object */ = {
			isa = PBXProject;
			attributes = {
				BuildIndependentTargetsInParallel = 1;
				LastSwiftUpdateCheck = 1530;
				LastUpgradeCheck = 1530;
				TargetAttributes = {
					04082FDA2BE0E5A700663028 = {
						CreatedOnToolsVersion = 15.3;
					};
					04082FEA2BE0E5A800663028 = {
						CreatedOnToolsVersion = 15.3;
						TestTargetID = 04082FDA2BE0E5A700663028;
					};
					04082FF42BE0E5A800663028 = {
						CreatedOnToolsVersion = 15.3;
						TestTargetID = 04082FDA2BE0E5A700663028;
					};
				};
			};
			buildConfigurationList = 04082FD62BE0E5A700663028 /* Build configuration list for PBXProject "Pic-a-Pal" */;
			compatibilityVersion = "Xcode 14.0";
			developmentRegion = en;
			hasScannedForEncodings = 0;
			knownRegions = (
				en,
				Base,
			);
			mainGroup = 04082FD22BE0E5A700663028;
			productRefGroup = 04082FDC2BE0E5A700663028 /* Products */;
			projectDirPath = "";
			projectRoot = "";
			targets = (
				04082FDA2BE0E5A700663028 /* Pic-a-Pal */,
				04082FEA2BE0E5A800663028 /* Pic-a-PalTests */,
				04082FF42BE0E5A800663028 /* Pic-a-PalUITests */,
			);
		};
/* End PBXProject section */

/* Begin PBXResourcesBuildPhase section */
		04082FD92BE0E5A700663028 /* Resources */ = {
			isa = PBXResourcesBuildPhase;
			buildActionMask = 2147483647;
			files = (
				04082FE62BE0E5A800663028 /* Preview Assets.xcassets in Resources */,
				04082FE32BE0E5A800663028 /* Assets.xcassets in Resources */,
			);
			runOnlyForDeploymentPostprocessing = 0;
		};
		04082FE92BE0E5A800663028 /* Resources */ = {
			isa = PBXResourcesBuildPhase;
			buildActionMask = 2147483647;
			files = (
			);
			runOnlyForDeploymentPostprocessing = 0;
		};
		04082FF32BE0E5A800663028 /* Resources */ = {
			isa = PBXResourcesBuildPhase;
			buildActionMask = 2147483647;
			files = (
			);
			runOnlyForDeploymentPostprocessing = 0;
		};
/* End PBXResourcesBuildPhase section */

/* Begin PBXSourcesBuildPhase section */
		04082FD72BE0E5A700663028 /* Sources */ = {
			isa = PBXSourcesBuildPhase;
			buildActionMask = 2147483647;
			files = (
				04082FE12BE0E5A700663028 /* ContentView.swift in Sources */,
				04082FDF2BE0E5A700663028 /* Pic_a_PalApp.swift in Sources */,
			);
			runOnlyForDeploymentPostprocessing = 0;
		};
		04082FE72BE0E5A800663028 /* Sources */ = {
			isa = PBXSourcesBuildPhase;
			buildActionMask = 2147483647;
			files = (
				04082FF02BE0E5A800663028 /* Pic_a_PalTests.swift in Sources */,
			);
			runOnlyForDeploymentPostprocessing = 0;
		};
		04082FF12BE0E5A800663028 /* Sources */ = {
			isa = PBXSourcesBuildPhase;
			buildActionMask = 2147483647;
			files = (
				04082FFA2BE0E5A800663028 /* Pic_a_PalUITests.swift in Sources */,
				04082FFC2BE0E5A800663028 /* Pic_a_PalUITestsLaunchTests.swift in Sources */,
			);
			runOnlyForDeploymentPostprocessing = 0;
		};
/* End PBXSourcesBuildPhase section */

/* Begin PBXTargetDependency section */
		04082FED2BE0E5A800663028 /* PBXTargetDependency */ = {
			isa = PBXTargetDependency;
			target = 04082FDA2BE0E5A700663028 /* Pic-a-Pal */;
			targetProxy = 04082FEC2BE0E5A800663028 /* PBXContainerItemProxy */;
		};
		04082FF72BE0E5A800663028 /* PBXTargetDependency */ = {
			isa = PBXTargetDependency;
			target = 04082FDA2BE0E5A700663028 /* Pic-a-Pal */;
			targetProxy = 04082FF62BE0E5A800663028 /* PBXContainerItemProxy */;
		};
/* End PBXTargetDependency section */

/* Begin XCBuildConfiguration section */
		04082FFD2BE0E5A800663028 /* Debug */ = {
			isa = XCBuildConfiguration;
			buildSettings = {
				ALWAYS_SEARCH_USER_PATHS = NO;
				ASSETCATALOG_COMPILER_GENERATE_SWIFT_ASSET_SYMBOL_EXTENSIONS = YES;
				CLANG_ANALYZER_NONNULL = YES;
				CLANG_ANALYZER_NUMBER_OBJECT_CONVERSION = YES_AGGRESSIVE;
				CLANG_CXX_LANGUAGE_STANDARD = "gnu++20";
				CLANG_ENABLE_MODULES = YES;
				CLANG_ENABLE_OBJC_ARC = YES;
				CLANG_ENABLE_OBJC_WEAK = YES;
				CLANG_WARN_BLOCK_CAPTURE_AUTORELEASING = YES;
				CLANG_WARN_BOOL_CONVERSION = YES;
				CLANG_WARN_COMMA = YES;
				CLANG_WARN_CONSTANT_CONVERSION = YES;
				CLANG_WARN_DEPRECATED_OBJC_IMPLEMENTATIONS = YES;
				CLANG_WARN_DIRECT_OBJC_ISA_USAGE = YES_ERROR;
				CLANG_WARN_DOCUMENTATION_COMMENTS = YES;
				CLANG_WARN_EMPTY_BODY = YES;
				CLANG_WARN_ENUM_CONVERSION = YES;
				CLANG_WARN_INFINITE_RECURSION = YES;
				CLANG_WARN_INT_CONVERSION = YES;
				CLANG_WARN_NON_LITERAL_NULL_CONVERSION = YES;
				CLANG_WARN_OBJC_IMPLICIT_RETAIN_SELF = YES;
				CLANG_WARN_OBJC_LITERAL_CONVERSION = YES;
				CLANG_WARN_OBJC_ROOT_CLASS = YES_ERROR;
				CLANG_WARN_QUOTED_INCLUDE_IN_FRAMEWORK_HEADER = YES;
				CLANG_WARN_RANGE_LOOP_ANALYSIS = YES;
				CLANG_WARN_STRICT_PROTOTYPES = YES;
				CLANG_WARN_SUSPICIOUS_MOVE = YES;
				CLANG_WARN_UNGUARDED_AVAILABILITY = YES_AGGRESSIVE;
				CLANG_WARN_UNREACHABLE_CODE = YES;
				CLANG_WARN__DUPLICATE_METHOD_MATCH = YES;
				COPY_PHASE_STRIP = NO;
				DEBUG_INFORMATION_FORMAT = dwarf;
				ENABLE_STRICT_OBJC_MSGSEND = YES;
				ENABLE_TESTABILITY = YES;
				ENABLE_USER_SCRIPT_SANDBOXING = YES;
				GCC_C_LANGUAGE_STANDARD = gnu17;
				GCC_DYNAMIC_NO_PIC = NO;
				GCC_NO_COMMON_BLOCKS = YES;
				GCC_OPTIMIZATION_LEVEL = 0;
				GCC_PREPROCESSOR_DEFINITIONS = (
					"DEBUG=1",
					"$(inherited)",
				);
				GCC_WARN_64_TO_32_BIT_CONVERSION = YES;
				GCC_WARN_ABOUT_RETURN_TYPE = YES_ERROR;
				GCC_WARN_UNDECLARED_SELECTOR = YES;
				GCC_WARN_UNINITIALIZED_AUTOS = YES_AGGRESSIVE;
				GCC_WARN_UNUSED_FUNCTION = YES;
				GCC_WARN_UNUSED_VARIABLE = YES;
				IPHONEOS_DEPLOYMENT_TARGET = 17.4;
				LOCALIZATION_PREFERS_STRING_CATALOGS = YES;
				MTL_ENABLE_DEBUG_INFO = INCLUDE_SOURCE;
				MTL_FAST_MATH = YES;
				ONLY_ACTIVE_ARCH = YES;
				SDKROOT = iphoneos;
				SWIFT_ACTIVE_COMPILATION_CONDITIONS = "DEBUG $(inherited)";
				SWIFT_OPTIMIZATION_LEVEL = "-Onone";
			};
			name = Debug;
		};
		04082FFE2BE0E5A800663028 /* Release */ = {
			isa = XCBuildConfiguration;
			buildSettings = {
				ALWAYS_SEARCH_USER_PATHS = NO;
				ASSETCATALOG_COMPILER_GENERATE_SWIFT_ASSET_SYMBOL_EXTENSIONS = YES;
				CLANG_ANALYZER_NONNULL = YES;
				CLANG_ANALYZER_NUMBER_OBJECT_CONVERSION = YES_AGGRESSIVE;
				CLANG_CXX_LANGUAGE_STANDARD = "gnu++20";
				CLANG_ENABLE_MODULES = YES;
				CLANG_ENABLE_OBJC_ARC = YES;
				CLANG_ENABLE_OBJC_WEAK = YES;
				CLANG_WARN_BLOCK_CAPTURE_AUTORELEASING = YES;
				CLANG_WARN_BOOL_CONVERSION = YES;
				CLANG_WARN_COMMA = YES;
				CLANG_WARN_CONSTANT_CONVERSION = YES;
				CLANG_WARN_DEPRECATED_OBJC_IMPLEMENTATIONS = YES;
				CLANG_WARN_DIRECT_OBJC_ISA_USAGE = YES_ERROR;
				CLANG_WARN_DOCUMENTATION_COMMENTS = YES;
				CLANG_WARN_EMPTY_BODY = YES;
				CLANG_WARN_ENUM_CONVERSION = YES;
				CLANG_WARN_INFINITE_RECURSION = YES;
				CLANG_WARN_INT_CONVERSION = YES;
				CLANG_WARN_NON_LITERAL_NULL_CONVERSION = YES;
				CLANG_WARN_OBJC_IMPLICIT_RETAIN_SELF = YES;
				CLANG_WARN_OBJC_LITERAL_CONVERSION = YES;
				CLANG_WARN_OBJC_ROOT_CLASS = YES_ERROR;
				CLANG_WARN_QUOTED_INCLUDE_IN_FRAMEWORK_HEADER = YES;
				CLANG_WARN_RANGE_LOOP_ANALYSIS = YES;
				CLANG_WARN_STRICT_PROTOTYPES = YES;
				CLANG_WARN_SUSPICIOUS_MOVE = YES;
				CLANG_WARN_UNGUARDED_AVAILABILITY = YES_AGGRESSIVE;
				CLANG_WARN_UNREACHABLE_CODE = YES;
				CLANG_WARN__DUPLICATE_METHOD_MATCH = YES;
				COPY_PHASE_STRIP = NO;
				DEBUG_INFORMATION_FORMAT = "dwarf-with-dsym";
				ENABLE_NS_ASSERTIONS = NO;
				ENABLE_STRICT_OBJC_MSGSEND = YES;
				ENABLE_USER_SCRIPT_SANDBOXING = YES;
				GCC_C_LANGUAGE_STANDARD = gnu17;
				GCC_NO_COMMON_BLOCKS = YES;
				GCC_WARN_64_TO_32_BIT_CONVERSION = YES;
				GCC_WARN_ABOUT_RETURN_TYPE = YES_ERROR;
				GCC_WARN_UNDECLARED_SELECTOR = YES;
				GCC_WARN_UNINITIALIZED_AUTOS = YES_AGGRESSIVE;
				GCC_WARN_UNUSED_FUNCTION = YES;
				GCC_WARN_UNUSED_VARIABLE = YES;
				IPHONEOS_DEPLOYMENT_TARGET = 17.4;
				LOCALIZATION_PREFERS_STRING_CATALOGS = YES;
				MTL_ENABLE_DEBUG_INFO = NO;
				MTL_FAST_MATH = YES;
				SDKROOT = iphoneos;
				SWIFT_COMPILATION_MODE = wholemodule;
				VALIDATE_PRODUCT = YES;
			};
			name = Release;
		};
		040830002BE0E5A800663028 /* Debug */ = {
			isa = XCBuildConfiguration;
			buildSettings = {
				ASSETCATALOG_COMPILER_APPICON_NAME = AppIcon;
				ASSETCATALOG_COMPILER_GLOBAL_ACCENT_COLOR_NAME = AccentColor;
				CODE_SIGN_STYLE = Automatic;
				CURRENT_PROJECT_VERSION = 1;
				DEVELOPMENT_ASSET_PATHS = "\"Pic-a-Pal/Preview Content\"";
				DEVELOPMENT_TEAM = LGQ9K24DNA;
				ENABLE_PREVIEWS = YES;
				GENERATE_INFOPLIST_FILE = YES;
				INFOPLIST_KEY_UIApplicationSceneManifest_Generation = YES;
				INFOPLIST_KEY_UIApplicationSupportsIndirectInputEvents = YES;
				INFOPLIST_KEY_UILaunchScreen_Generation = YES;
				INFOPLIST_KEY_UISupportedInterfaceOrientations_iPad = "UIInterfaceOrientationPortrait UIInterfaceOrientationPortraitUpsideDown UIInterfaceOrientationLandscapeLeft UIInterfaceOrientationLandscapeRight";
				INFOPLIST_KEY_UISupportedInterfaceOrientations_iPhone = "UIInterfaceOrientationPortrait UIInterfaceOrientationLandscapeLeft UIInterfaceOrientationLandscapeRight";
				LD_RUNPATH_SEARCH_PATHS = (
					"$(inherited)",
					"@executable_path/Frameworks",
				);
				MARKETING_VERSION = 1.0;
				PRODUCT_BUNDLE_IDENTIFIER = "adev.Pic-a-Pal";
				PRODUCT_NAME = "$(TARGET_NAME)";
				SWIFT_EMIT_LOC_STRINGS = YES;
				SWIFT_VERSION = 5.0;
				TARGETED_DEVICE_FAMILY = "1,2";
			};
			name = Debug;
		};
		040830012BE0E5A800663028 /* Release */ = {
			isa = XCBuildConfiguration;
			buildSettings = {
				ASSETCATALOG_COMPILER_APPICON_NAME = AppIcon;
				ASSETCATALOG_COMPILER_GLOBAL_ACCENT_COLOR_NAME = AccentColor;
				CODE_SIGN_STYLE = Automatic;
				CURRENT_PROJECT_VERSION = 1;
				DEVELOPMENT_ASSET_PATHS = "\"Pic-a-Pal/Preview Content\"";
				DEVELOPMENT_TEAM = LGQ9K24DNA;
				ENABLE_PREVIEWS = YES;
				GENERATE_INFOPLIST_FILE = YES;
				INFOPLIST_KEY_UIApplicationSceneManifest_Generation = YES;
				INFOPLIST_KEY_UIApplicationSupportsIndirectInputEvents = YES;
				INFOPLIST_KEY_UILaunchScreen_Generation = YES;
				INFOPLIST_KEY_UISupportedInterfaceOrientations_iPad = "UIInterfaceOrientationPortrait UIInterfaceOrientationPortraitUpsideDown UIInterfaceOrientationLandscapeLeft UIInterfaceOrientationLandscapeRight";
				INFOPLIST_KEY_UISupportedInterfaceOrientations_iPhone = "UIInterfaceOrientationPortrait UIInterfaceOrientationLandscapeLeft UIInterfaceOrientationLandscapeRight";
				LD_RUNPATH_SEARCH_PATHS = (
					"$(inherited)",
					"@executable_path/Frameworks",
				);
				MARKETING_VERSION = 1.0;
				PRODUCT_BUNDLE_IDENTIFIER = "adev.Pic-a-Pal";
				PRODUCT_NAME = "$(TARGET_NAME)";
				SWIFT_EMIT_LOC_STRINGS = YES;
				SWIFT_VERSION = 5.0;
				TARGETED_DEVICE_FAMILY = "1,2";
			};
			name = Release;
		};
		040830032BE0E5A800663028 /* Debug */ = {
			isa = XCBuildConfiguration;
			buildSettings = {
				ALWAYS_EMBED_SWIFT_STANDARD_LIBRARIES = YES;
				BUNDLE_LOADER = "$(TEST_HOST)";
				CODE_SIGN_STYLE = Automatic;
				CURRENT_PROJECT_VERSION = 1;
				DEVELOPMENT_TEAM = LGQ9K24DNA;
				GENERATE_INFOPLIST_FILE = YES;
				IPHONEOS_DEPLOYMENT_TARGET = 17.4;
				MARKETING_VERSION = 1.0;
				PRODUCT_BUNDLE_IDENTIFIER = "adev.Pic-a-PalTests";
				PRODUCT_NAME = "$(TARGET_NAME)";
				SWIFT_EMIT_LOC_STRINGS = NO;
				SWIFT_VERSION = 5.0;
				TARGETED_DEVICE_FAMILY = "1,2";
				TEST_HOST = "$(BUILT_PRODUCTS_DIR)/Pic-a-Pal.app/$(BUNDLE_EXECUTABLE_FOLDER_PATH)/Pic-a-Pal";
			};
			name = Debug;
		};
		040830042BE0E5A800663028 /* Release */ = {
			isa = XCBuildConfiguration;
			buildSettings = {
				ALWAYS_EMBED_SWIFT_STANDARD_LIBRARIES = YES;
				BUNDLE_LOADER = "$(TEST_HOST)";
				CODE_SIGN_STYLE = Automatic;
				CURRENT_PROJECT_VERSION = 1;
				DEVELOPMENT_TEAM = LGQ9K24DNA;
				GENERATE_INFOPLIST_FILE = YES;
				IPHONEOS_DEPLOYMENT_TARGET = 17.4;
				MARKETING_VERSION = 1.0;
				PRODUCT_BUNDLE_IDENTIFIER = "adev.Pic-a-PalTests";
				PRODUCT_NAME = "$(TARGET_NAME)";
				SWIFT_EMIT_LOC_STRINGS = NO;
				SWIFT_VERSION = 5.0;
				TARGETED_DEVICE_FAMILY = "1,2";
				TEST_HOST = "$(BUILT_PRODUCTS_DIR)/Pic-a-Pal.app/$(BUNDLE_EXECUTABLE_FOLDER_PATH)/Pic-a-Pal";
			};
			name = Release;
		};
		040830062BE0E5A800663028 /* Debug */ = {
			isa = XCBuildConfiguration;
			buildSettings = {
				ALWAYS_EMBED_SWIFT_STANDARD_LIBRARIES = YES;
				CODE_SIGN_STYLE = Automatic;
				CURRENT_PROJECT_VERSION = 1;
				DEVELOPMENT_TEAM = LGQ9K24DNA;
				GENERATE_INFOPLIST_FILE = YES;
				MARKETING_VERSION = 1.0;
				PRODUCT_BUNDLE_IDENTIFIER = "adev.Pic-a-PalUITests";
				PRODUCT_NAME = "$(TARGET_NAME)";
				SWIFT_EMIT_LOC_STRINGS = NO;
				SWIFT_VERSION = 5.0;
				TARGETED_DEVICE_FAMILY = "1,2";
				TEST_TARGET_NAME = "Pic-a-Pal";
			};
			name = Debug;
		};
		040830072BE0E5A800663028 /* Release */ = {
			isa = XCBuildConfiguration;
			buildSettings = {
				ALWAYS_EMBED_SWIFT_STANDARD_LIBRARIES = YES;
				CODE_SIGN_STYLE = Automatic;
				CURRENT_PROJECT_VERSION = 1;
				DEVELOPMENT_TEAM = LGQ9K24DNA;
				GENERATE_INFOPLIST_FILE = YES;
				MARKETING_VERSION = 1.0;
				PRODUCT_BUNDLE_IDENTIFIER = "adev.Pic-a-PalUITests";
				PRODUCT_NAME = "$(TARGET_NAME)";
				SWIFT_EMIT_LOC_STRINGS = NO;
				SWIFT_VERSION = 5.0;
				TARGETED_DEVICE_FAMILY = "1,2";
				TEST_TARGET_NAME = "Pic-a-Pal";
			};
			name = Release;
		};
/* End XCBuildConfiguration section */

/* Begin XCConfigurationList section */
		04082FD62BE0E5A700663028 /* Build configuration list for PBXProject "Pic-a-Pal" */ = {
			isa = XCConfigurationList;
			buildConfigurations = (
				04082FFD2BE0E5A800663028 /* Debug */,
				04082FFE2BE0E5A800663028 /* Release */,
			);
			defaultConfigurationIsVisible = 0;
			defaultConfigurationName = Release;
		};
		04082FFF2BE0E5A800663028 /* Build configuration list for PBXNativeTarget "Pic-a-Pal" */ = {
			isa = XCConfigurationList;
			buildConfigurations = (
				040830002BE0E5A800663028 /* Debug */,
				040830012BE0E5A800663028 /* Release */,
			);
			defaultConfigurationIsVisible = 0;
			defaultConfigurationName = Release;
		};
		040830022BE0E5A800663028 /* Build configuration list for PBXNativeTarget "Pic-a-PalTests" */ = {
			isa = XCConfigurationList;
			buildConfigurations = (
				040830032BE0E5A800663028 /* Debug */,
				040830042BE0E5A800663028 /* Release */,
			);
			defaultConfigurationIsVisible = 0;
			defaultConfigurationName = Release;
		};
		040830052BE0E5A800663028 /* Build configuration list for PBXNativeTarget "Pic-a-PalUITests" */ = {
			isa = XCConfigurationList;
			buildConfigurations = (
				040830062BE0E5A800663028 /* Debug */,
				040830072BE0E5A800663028 /* Release */,
			);
			defaultConfigurationIsVisible = 0;
			defaultConfigurationName = Release;
		};
/* End XCConfigurationList section */
	};
	rootObject = 04082FD32BE0E5A700663028 /* Project object */;
}
